{
    "_readme": [
        "This file locks the dependencies of your project to a known state",
        "Read more about it at https://getcomposer.org/doc/01-basic-usage.md#installing-dependencies",
        "This file is @generated automatically"
    ],
    "content-hash": "ee21ea29d45be6f2e305205c0f5d1930",
    "packages": [
        {
            "name": "wptrt/admin-notices",
            "version": "v1.0.4",
            "source": {
                "type": "git",
                "url": "https://github.com/WPTT/admin-notices.git",
                "reference": "1df860950b4198cc93e867873b1b571b51f908b0"
            },
            "dist": {
                "type": "zip",
                "url": "https://api.github.com/repos/WPTT/admin-notices/zipball/1df860950b4198cc93e867873b1b571b51f908b0",
                "reference": "1df860950b4198cc93e867873b1b571b51f908b0",
                "shasum": ""
            },
            "require": {
                "php": ">=5.6"
            },
            "require-dev": {
                "dealerdirect/phpcodesniffer-composer-installer": "^0.6.2",
                "php": "~7.1",
                "szepeviktor/phpstan-wordpress": "^0.6.0",
                "wp-coding-standards/wpcs": "^2.3"
            },
            "type": "library",
            "autoload": {
                "psr-4": {
                    "WPTRT\\AdminNotices\\": "src/"
                }
            },
            "notification-url": "https://packagist.org/downloads/",
            "license": [
                "GPL-2.0-or-later"
            ],
            "authors": [
                {
                    "name": "WordPress.org Theme Review Team",
                    "email": "themes@wordpress.org",
                    "homepage": "https://make.wordpress.org/themes",
                    "role": "Developer"
                }
            ],
            "description": "A class to create admin-notices for the WordPress dashboard.",
            "homepage": "https://github.com/WPTRT/admin-notices",
            "keywords": [
                "wordpress"
            ],
            "support": {
                "issues": "https://github.com/WPTRT/admin-notices/issues",
                "source": "https://github.com/WPTT/admin-notices/tree/v1.0.4"
            },
            "time": "2023-10-06T03:42:42+00:00"
        }
    ],
    "packages-dev": [],
    "aliases": [],
    "minimum-stability": "stable",
    "stability-flags": [],
    "prefer-stable": false,
    "prefer-lowest": false,
    "platform": [],
    "platform-dev": [],
    "plugin-api-version": "2.3.0"
}
